
Microsoft Visual Studio Solution File, Format Version 12.00
Project("{2150E333-8FDC-42A3-9474-1A3956D46DE8}") = "Domain", "Domain", "{57E315E9-C675-4A0A-A848-2270EE7A84E1}"
EndProject
Project("{2150E333-8FDC-42A3-9474-1A3956D46DE8}") = "EntryPoints", "EntryPoints", "{E99D489F-A9B1-40CF-9CA0-4D9D718FE5C4}"
EndProject
Project("{2150E333-8FDC-42A3-9474-1A3956D46DE8}") = "DataProviders", "DataProviders", "{FB26CA6F-6525-47E9-A1F6-A2B97D330D9F}"
EndProject
Project("{FAE04EC0-301F-11D3-BF4B-00C04F79EFBC}") = "UniversiteDomain", "UniversiteDomain\UniversiteDomain.csproj", "{9B1CD155-BF9A-49B4-A3C5-1C383DAE4F8D}"
EndProject
Project("{2150E333-8FDC-42A3-9474-1A3956D46DE8}") = "UnitTests", "UnitTests", "{9889F54A-EBCF-4AE5-A5CC-08FF1D7132C0}"
EndProject
Project("{FAE04EC0-301F-11D3-BF4B-00C04F79EFBC}") = "UniversiteDomainUnitTests", "UniversiteDomainUnitTests\UniversiteDomainUnitTests.csproj", "{DFC2A6EE-6566-45C9-A938-FEE087A87E74}"
EndProject
Global
	GlobalSection(SolutionConfigurationPlatforms) = preSolution
		Debug|Any CPU = Debug|Any CPU
		Release|Any CPU = Release|Any CPU
	EndGlobalSection
	GlobalSection(NestedProjects) = preSolution
		{9B1CD155-BF9A-49B4-A3C5-1C383DAE4F8D} = {57E315E9-C675-4A0A-A848-2270EE7A84E1}
		{DFC2A6EE-6566-45C9-A938-FEE087A87E74} = {9889F54A-EBCF-4AE5-A5CC-08FF1D7132C0}
	EndGlobalSection
	GlobalSection(ProjectConfigurationPlatforms) = postSolution
		{9B1CD155-BF9A-49B4-A3C5-1C383DAE4F8D}.Debug|Any CPU.ActiveCfg = Debug|Any CPU
		{9B1CD155-BF9A-49B4-A3C5-1C383DAE4F8D}.Debug|Any CPU.Build.0 = Debug|Any CPU
		{9B1CD155-BF9A-49B4-A3C5-1C383DAE4F8D}.Release|Any CPU.ActiveCfg = Release|Any CPU
		{9B1CD155-BF9A-49B4-A3C5-1C383DAE4F8D}.Release|Any CPU.Build.0 = Release|Any CPU
		{DFC2A6EE-6566-45C9-A938-FEE087A87E74}.Debug|Any CPU.ActiveCfg = Debug|Any CPU
		{DFC2A6EE-6566-45C9-A938-FEE087A87E74}.Debug|Any CPU.Build.0 = Debug|Any CPU
		{DFC2A6EE-6566-45C9-A938-FEE087A87E74}.Release|Any CPU.ActiveCfg = Release|Any CPU
		{DFC2A6EE-6566-45C9-A938-FEE087A87E74}.Release|Any CPU.Build.0 = Release|Any CPU
	EndGlobalSection
EndGlobal
